
Microsoft Visual Studio Solution File, Format Version 12.00
# Visual Studio 14
VisualStudioVersion = 14.0.23107.0
MinimumVisualStudioVersion = 10.0.40219.1
Project("{FAE04EC0-301F-11D3-BF4B-00C04F79EFBC}") = "Document.AWS", "Document.AWS\Document.AWS.csproj", "{2ECCA326-DA2E-4B3E-8152-459FF716B7FC}"
EndProject
Project("{FAE04EC0-301F-11D3-BF4B-00C04F79EFBC}") = "Document.AWS.Connect", "Document.AWS.Connect\Document.AWS.Connect.csproj", "{6DA69E55-68FC-440D-8E07-B428EAC70BD9}"
EndProject
Global
	GlobalSection(SolutionConfigurationPlatforms) = preSolution
		Debug|Any CPU = Debug|Any CPU
		Release|Any CPU = Release|Any CPU
	EndGlobalSection
	GlobalSection(ProjectConfigurationPlatforms) = postSolution
		{2ECCA326-DA2E-4B3E-8152-459FF716B7FC}.Debug|Any CPU.ActiveCfg = Debug|Any CPU
		{2ECCA326-DA2E-4B3E-8152-459FF716B7FC}.Debug|Any CPU.Build.0 = Debug|Any CPU
		{2ECCA326-DA2E-4B3E-8152-459FF716B7FC}.Release|Any CPU.ActiveCfg = Release|Any CPU
		{2ECCA326-DA2E-4B3E-8152-459FF716B7FC}.Release|Any CPU.Build.0 = Release|Any CPU
		{6DA69E55-68FC-440D-8E07-B428EAC70BD9}.Debug|Any CPU.ActiveCfg = Debug|Any CPU
		{6DA69E55-68FC-440D-8E07-B428EAC70BD9}.Debug|Any CPU.Build.0 = Debug|Any CPU
		{6DA69E55-68FC-440D-8E07-B428EAC70BD9}.Release|Any CPU.ActiveCfg = Release|Any CPU
		{6DA69E55-68FC-440D-8E07-B428EAC70BD9}.Release|Any CPU.Build.0 = Release|Any CPU
	EndGlobalSection
	GlobalSection(SolutionProperties) = preSolution
		HideSolutionNode = FALSE
	EndGlobalSection
EndGlobal
